
Microsoft Visual Studio Solution File, Format Version 12.00
# Visual Studio Version 16
VisualStudioVersion = 16.0.29613.14
MinimumVisualStudioVersion = 10.0.40219.1
Project("{8BC9CEB8-8B4A-11D0-8D11-00A0C91BC942}") = "ex3-5-1", "ex3-5-1.vcxproj", "{69D02337-4A95-4322-845B-34F28FE81913}"
EndProject
Global
	GlobalSection(SolutionConfigurationPlatforms) = preSolution
		Debug|x64 = Debug|x64
		Debug|x86 = Debug|x86
		Release|x64 = Release|x64
		Release|x86 = Release|x86
	EndGlobalSection
	GlobalSection(ProjectConfigurationPlatforms) = postSolution
		{69D02337-4A95-4322-845B-34F28FE81913}.Debug|x64.ActiveCfg = Debug|x64
		{69D02337-4A95-4322-845B-34F28FE81913}.Debug|x64.Build.0 = Debug|x64
		{69D02337-4A95-4322-845B-34F28FE81913}.Debug|x86.ActiveCfg = Debug|Win32
		{69D02337-4A95-4322-845B-34F28FE81913}.Debug|x86.Build.0 = Debug|Win32
		{69D02337-4A95-4322-845B-34F28FE81913}.Release|x64.ActiveCfg = Release|x64
		{69D02337-4A95-4322-845B-34F28FE81913}.Release|x64.Build.0 = Release|x64
		{69D02337-4A95-4322-845B-34F28FE81913}.Release|x86.ActiveCfg = Release|Win32
		{69D02337-4A95-4322-845B-34F28FE81913}.Release|x86.Build.0 = Release|Win32
	EndGlobalSection
	GlobalSection(SolutionProperties) = preSolution
		HideSolutionNode = FALSE
	EndGlobalSection
	GlobalSection(ExtensibilityGlobals) = postSolution
		SolutionGuid = {F36AA04A-7F9D-4DA2-B2AF-6146DD427B54}
	EndGlobalSection
EndGlobal
